
Microsoft Visual Studio Solution File, Format Version 12.00
Project("{FAE04EC0-301F-11D3-BF4B-00C04F79EFBC}") = "OS final first lab", "OS final first lab\OS final first lab.csproj", "{AC373F42-1D08-456E-A12C-39B60DDBBD23}"
EndProject
Global
	GlobalSection(SolutionConfigurationPlatforms) = preSolution
		Debug|Any CPU = Debug|Any CPU
		Release|Any CPU = Release|Any CPU
	EndGlobalSection
	GlobalSection(ProjectConfigurationPlatforms) = postSolution
		{AC373F42-1D08-456E-A12C-39B60DDBBD23}.Debug|Any CPU.ActiveCfg = Debug|Any CPU
		{AC373F42-1D08-456E-A12C-39B60DDBBD23}.Debug|Any CPU.Build.0 = Debug|Any CPU
		{AC373F42-1D08-456E-A12C-39B60DDBBD23}.Release|Any CPU.ActiveCfg = Release|Any CPU
		{AC373F42-1D08-456E-A12C-39B60DDBBD23}.Release|Any CPU.Build.0 = Release|Any CPU
	EndGlobalSection
EndGlobal
